
Microsoft Visual Studio Solution File, Format Version 12.00
# Visual Studio Version 16
VisualStudioVersion = 16.0.30320.27
MinimumVisualStudioVersion = 10.0.40219.1
Project("{FAE04EC0-301F-11D3-BF4B-00C04F79EFBC}") = "WechatOfficialAccountUtils", "WechatOfficialAccountUtils.csproj", "{DA9D5AA5-F7EE-4163-AAD1-A94584CC0298}"
EndProject
Global
	GlobalSection(SolutionConfigurationPlatforms) = preSolution
		Debug|Any CPU = Debug|Any CPU
		Release|Any CPU = Release|Any CPU
	EndGlobalSection
	GlobalSection(ProjectConfigurationPlatforms) = postSolution
		{DA9D5AA5-F7EE-4163-AAD1-A94584CC0298}.Debug|Any CPU.ActiveCfg = Debug|Any CPU
		{DA9D5AA5-F7EE-4163-AAD1-A94584CC0298}.Debug|Any CPU.Build.0 = Debug|Any CPU
		{DA9D5AA5-F7EE-4163-AAD1-A94584CC0298}.Release|Any CPU.ActiveCfg = Release|Any CPU
		{DA9D5AA5-F7EE-4163-AAD1-A94584CC0298}.Release|Any CPU.Build.0 = Release|Any CPU
	EndGlobalSection
	GlobalSection(SolutionProperties) = preSolution
		HideSolutionNode = FALSE
	EndGlobalSection
	GlobalSection(ExtensibilityGlobals) = postSolution
		SolutionGuid = {760C38D1-0C99-4A66-B7B2-41AAB5858540}
	EndGlobalSection
EndGlobal
